
Microsoft Visual Studio Solution File, Format Version 12.00
# Visual Studio Version 16
VisualStudioVersion = 16.0.810.13
MinimumVisualStudioVersion = 10.0.40219.1
Project("{FAE04EC0-301F-11D3-BF4B-00C04F79EFBC}") = "CameraXVideo", "CameraXVideo.csproj", "{F8B644AB-2DA8-4835-81B5-462120F3446D}"
EndProject
Global
	GlobalSection(SolutionConfigurationPlatforms) = preSolution
		Debug|Any CPU = Debug|Any CPU
		Release|Any CPU = Release|Any CPU
	EndGlobalSection
	GlobalSection(ProjectConfigurationPlatforms) = postSolution
		{F8B644AB-2DA8-4835-81B5-462120F3446D}.Debug|Any CPU.ActiveCfg = Debug|Any CPU
		{F8B644AB-2DA8-4835-81B5-462120F3446D}.Debug|Any CPU.Build.0 = Debug|Any CPU
		{F8B644AB-2DA8-4835-81B5-462120F3446D}.Release|Any CPU.ActiveCfg = Release|Any CPU
		{F8B644AB-2DA8-4835-81B5-462120F3446D}.Release|Any CPU.Build.0 = Release|Any CPU
	EndGlobalSection
	GlobalSection(SolutionProperties) = preSolution
		HideSolutionNode = FALSE
	EndGlobalSection
	GlobalSection(ExtensibilityGlobals) = postSolution
		SolutionGuid = {F26FBCB7-AE22-48D1-B308-7C08D1864169}
	EndGlobalSection
EndGlobal
