
Microsoft Visual Studio Solution File, Format Version 12.00
# Visual Studio Version 16
VisualStudioVersion = 16.0.808.5
MinimumVisualStudioVersion = 10.0.40219.1
Project("{FAE04EC0-301F-11D3-BF4B-00C04F79EFBC}") = "CameraUtils", "CameraUtils.csproj", "{77281361-0654-4B31-95B0-F741E3F49E85}"
EndProject
Global
	GlobalSection(SolutionConfigurationPlatforms) = preSolution
		Debug|Any CPU = Debug|Any CPU
		Release|Any CPU = Release|Any CPU
	EndGlobalSection
	GlobalSection(ProjectConfigurationPlatforms) = postSolution
		{77281361-0654-4B31-95B0-F741E3F49E85}.Debug|Any CPU.ActiveCfg = Debug|Any CPU
		{77281361-0654-4B31-95B0-F741E3F49E85}.Debug|Any CPU.Build.0 = Debug|Any CPU
		{77281361-0654-4B31-95B0-F741E3F49E85}.Release|Any CPU.ActiveCfg = Release|Any CPU
		{77281361-0654-4B31-95B0-F741E3F49E85}.Release|Any CPU.Build.0 = Release|Any CPU
	EndGlobalSection
	GlobalSection(SolutionProperties) = preSolution
		HideSolutionNode = FALSE
	EndGlobalSection
	GlobalSection(ExtensibilityGlobals) = postSolution
		SolutionGuid = {0CF32413-509B-4309-8199-25892DD591D5}
	EndGlobalSection
EndGlobal
