
Microsoft Visual Studio Solution File, Format Version 12.00
# Visual Studio Version 16
VisualStudioVersion = 25.0.1703.4
MinimumVisualStudioVersion = 10.0.40219.1
Project("{FAE04EC0-301F-11D3-BF4B-00C04F79EFBC}") = "CameraXExtensions", "CameraXExtensions.csproj", "{884ED11A-DBB7-471B-B997-654F9BEFD09E}"
EndProject
Global
	GlobalSection(SolutionConfigurationPlatforms) = preSolution
		Debug|Any CPU = Debug|Any CPU
		Release|Any CPU = Release|Any CPU
	EndGlobalSection
	GlobalSection(ProjectConfigurationPlatforms) = postSolution
		{884ED11A-DBB7-471B-B997-654F9BEFD09E}.Debug|Any CPU.ActiveCfg = Debug|Any CPU
		{884ED11A-DBB7-471B-B997-654F9BEFD09E}.Debug|Any CPU.Build.0 = Debug|Any CPU
		{884ED11A-DBB7-471B-B997-654F9BEFD09E}.Release|Any CPU.ActiveCfg = Release|Any CPU
		{884ED11A-DBB7-471B-B997-654F9BEFD09E}.Release|Any CPU.Build.0 = Release|Any CPU
	EndGlobalSection
	GlobalSection(SolutionProperties) = preSolution
		HideSolutionNode = FALSE
	EndGlobalSection
	GlobalSection(ExtensibilityGlobals) = postSolution
		SolutionGuid = {E6F49CF2-33B8-4D24-99AC-37AFA709A510}
	EndGlobalSection
EndGlobal
